lockfileVersion: '9.0'

settings:
  autoInstallPeers: true
  excludeLinksFromLockfile: false

importers:

  .:
    dependencies:
      '@freeq/sdk':
        specifier: github:attpslabs/wumblr-freeq#path:freeq-sdk-js
        version: https://codeload.github.com/attpslabs/wumblr-freeq/tar.gz/06d43eecf2a4352d37479b76c75b9d0a85eba5f3#path:freeq-sdk-js
    devDependencies:
      typescript:
        specifier: ~5.8.3
        version: 5.8.3

packages:

  '@freeq/sdk@https://codeload.github.com/attpslabs/wumblr-freeq/tar.gz/06d43eecf2a4352d37479b76c75b9d0a85eba5f3#path:freeq-sdk-js':
    resolution: {path: freeq-sdk-js, tarball: https://codeload.github.com/attpslabs/wumblr-freeq/tar.gz/06d43eecf2a4352d37479b76c75b9d0a85eba5f3}
    version: 0.1.0

  idb@8.0.3:
    resolution: {integrity: sha512-LtwtVyVYO5BqRvcsKuB2iUMnHwPVByPCXFXOpuU96IZPPoPN6xjOGxZQ74pgSVVLQWtUOYgyeL4GE98BY5D3wg==}

  typescript@5.8.3:
    resolution: {integrity: sha512-p1diW6TqL9L07nNxvRMM7hMMw4c5XOo/1ibL4aAIGmSAt9slTE1Xgw5KWuof2uTOvCg9BY7ZRi+GaF+7sfgPeQ==}
    engines: {node: '>=14.17'}
    hasBin: true

snapshots:

  '@freeq/sdk@https://codeload.github.com/attpslabs/wumblr-freeq/tar.gz/06d43eecf2a4352d37479b76c75b9d0a85eba5f3#path:freeq-sdk-js':
    dependencies:
      idb: 8.0.3

  idb@8.0.3: {}

  typescript@5.8.3: {}
